
Microsoft Visual Studio Solution File, Format Version 12.00
# Visual Studio Version 16
VisualStudioVersion = 16.0.30517.126
MinimumVisualStudioVersion = 10.0.40219.1
Project("{FAE04EC0-301F-11D3-BF4B-00C04F79EFBC}") = "PenBody_CadUI", "PenBody_CadUI\PenBody_CadUI.csproj", "{C103A6F6-D15A-432B-BFAE-3A0FE2D732B5}"
EndProject
Project("{FAE04EC0-301F-11D3-BF4B-00C04F79EFBC}") = "PenBody_Cad", "PenBody_Cad\PenBody_Cad.csproj", "{C25185C0-70DD-43A3-BB21-63C01BCFC9F0}"
EndProject
Project("{FAE04EC0-301F-11D3-BF4B-00C04F79EFBC}") = "PenBody_Cad.UnitTests", "PenBody_Cad.UnitTests\PenBody_Cad.UnitTests.csproj", "{DAE6211A-C8BA-437A-8759-683C20FC9134}"
EndProject
Project("{FAE04EC0-301F-11D3-BF4B-00C04F79EFBC}") = "PenBody_CadInteractions", "PenBody_CadInteractions\PenBody_CadInteractions.csproj", "{CADE220E-2B46-41F4-94B4-A15B8996C5B7}"
EndProject
Global
	GlobalSection(SolutionConfigurationPlatforms) = preSolution
		Debug|Any CPU = Debug|Any CPU
		Release|Any CPU = Release|Any CPU
	EndGlobalSection
	GlobalSection(ProjectConfigurationPlatforms) = postSolution
		{C103A6F6-D15A-432B-BFAE-3A0FE2D732B5}.Debug|Any CPU.ActiveCfg = Debug|Any CPU
		{C103A6F6-D15A-432B-BFAE-3A0FE2D732B5}.Debug|Any CPU.Build.0 = Debug|Any CPU
		{C103A6F6-D15A-432B-BFAE-3A0FE2D732B5}.Release|Any CPU.ActiveCfg = Release|Any CPU
		{C103A6F6-D15A-432B-BFAE-3A0FE2D732B5}.Release|Any CPU.Build.0 = Release|Any CPU
		{C25185C0-70DD-43A3-BB21-63C01BCFC9F0}.Debug|Any CPU.ActiveCfg = Debug|Any CPU
		{C25185C0-70DD-43A3-BB21-63C01BCFC9F0}.Debug|Any CPU.Build.0 = Debug|Any CPU
		{C25185C0-70DD-43A3-BB21-63C01BCFC9F0}.Release|Any CPU.ActiveCfg = Release|Any CPU
		{C25185C0-70DD-43A3-BB21-63C01BCFC9F0}.Release|Any CPU.Build.0 = Release|Any CPU
		{DAE6211A-C8BA-437A-8759-683C20FC9134}.Debug|Any CPU.ActiveCfg = Debug|Any CPU
		{DAE6211A-C8BA-437A-8759-683C20FC9134}.Debug|Any CPU.Build.0 = Debug|Any CPU
		{DAE6211A-C8BA-437A-8759-683C20FC9134}.Release|Any CPU.ActiveCfg = Release|Any CPU
		{DAE6211A-C8BA-437A-8759-683C20FC9134}.Release|Any CPU.Build.0 = Release|Any CPU
		{CADE220E-2B46-41F4-94B4-A15B8996C5B7}.Debug|Any CPU.ActiveCfg = Debug|Any CPU
		{CADE220E-2B46-41F4-94B4-A15B8996C5B7}.Debug|Any CPU.Build.0 = Debug|Any CPU
		{CADE220E-2B46-41F4-94B4-A15B8996C5B7}.Release|Any CPU.ActiveCfg = Release|Any CPU
		{CADE220E-2B46-41F4-94B4-A15B8996C5B7}.Release|Any CPU.Build.0 = Release|Any CPU
	EndGlobalSection
	GlobalSection(SolutionProperties) = preSolution
		HideSolutionNode = FALSE
	EndGlobalSection
	GlobalSection(ExtensibilityGlobals) = postSolution
		SolutionGuid = {E146E633-63E4-4F38-8010-2DFA292BA039}
	EndGlobalSection
EndGlobal
